Microsoft Visual Studio Solution File, Format Version 12.00
# Visual Studio 2012
Project("{FAE04EC0-301F-11D3-BF4B-00C04F79EFBC}") = "RainStorm", "RainStorm.csproj", "{D42C9F8F-529A-4067-A9C1-A0EFD78209BE}"
EndProject
Project("{FAE04EC0-301F-11D3-BF4B-00C04F79EFBC}") = "AcidUtilities", "..\Libs\AcidUtilities\AcidUtilities.csproj", "{7C0FE67B-6544-438E-8024-E0938A2DB92A}"
EndProject
Global
	GlobalSection(SolutionConfigurationPlatforms) = preSolution
	Debug|Any CPU = Debug|Any CPU
	ExportDebug|Any CPU = ExportDebug|Any CPU
	ExportRelease|Any CPU = ExportRelease|Any CPU
	EndGlobalSection
	GlobalSection(ProjectConfigurationPlatforms) = postSolution
		{D42C9F8F-529A-4067-A9C1-A0EFD78209BE}.Debug|Any CPU.ActiveCfg = Debug|Any CPU
		{D42C9F8F-529A-4067-A9C1-A0EFD78209BE}.Debug|Any CPU.Build.0 = Debug|Any CPU
		{D42C9F8F-529A-4067-A9C1-A0EFD78209BE}.ExportDebug|Any CPU.ActiveCfg = ExportDebug|Any CPU
		{D42C9F8F-529A-4067-A9C1-A0EFD78209BE}.ExportDebug|Any CPU.Build.0 = ExportDebug|Any CPU
		{D42C9F8F-529A-4067-A9C1-A0EFD78209BE}.ExportRelease|Any CPU.ActiveCfg = ExportRelease|Any CPU
		{D42C9F8F-529A-4067-A9C1-A0EFD78209BE}.ExportRelease|Any CPU.Build.0 = ExportRelease|Any CPU
		{7C0FE67B-6544-438E-8024-E0938A2DB92A}.Debug|Any CPU.ActiveCfg = Debug|Any CPU
		{7C0FE67B-6544-438E-8024-E0938A2DB92A}.Debug|Any CPU.Build.0 = Debug|Any CPU
		{7C0FE67B-6544-438E-8024-E0938A2DB92A}.ExportDebug|Any CPU.ActiveCfg = Debug|Any CPU
		{7C0FE67B-6544-438E-8024-E0938A2DB92A}.ExportDebug|Any CPU.Build.0 = Debug|Any CPU
		{7C0FE67B-6544-438E-8024-E0938A2DB92A}.ExportRelease|Any CPU.ActiveCfg = Debug|Any CPU
		{7C0FE67B-6544-438E-8024-E0938A2DB92A}.ExportRelease|Any CPU.Build.0 = Debug|Any CPU
	EndGlobalSection
EndGlobal
